
Microsoft Visual Studio Solution File, Format Version 12.00
# Visual Studio 15
VisualStudioVersion = 15.0.27130.2020
MinimumVisualStudioVersion = 10.0.40219.1
Project("{9A19103F-16F7-4668-BE54-9A1E7A4F7556}") = "TodoBLL", "TodoBLL\TodoBLL.csproj", "{97410F02-D8E3-4200-BC4A-D7943A2F03B8}"
EndProject
Project("{9A19103F-16F7-4668-BE54-9A1E7A4F7556}") = "UnitOfWorkRepository", "UnitOfWorkRepository\UnitOfWorkRepository.csproj", "{EB841C99-5D0D-479C-B019-5D3D49EAD651}"
EndProject
Project("{FAE04EC0-301F-11D3-BF4B-00C04F79EFBC}") = "TodoDAL", "TodoDAL\TodoDAL.csproj", "{AF62A57F-FB22-45EC-A8A6-03A9DFB955B5}"
EndProject
Global
	GlobalSection(SolutionConfigurationPlatforms) = preSolution
		Debug|Any CPU = Debug|Any CPU
		Release|Any CPU = Release|Any CPU
	EndGlobalSection
	GlobalSection(ProjectConfigurationPlatforms) = postSolution
		{97410F02-D8E3-4200-BC4A-D7943A2F03B8}.Debug|Any CPU.ActiveCfg = Debug|Any CPU
		{97410F02-D8E3-4200-BC4A-D7943A2F03B8}.Debug|Any CPU.Build.0 = Debug|Any CPU
		{97410F02-D8E3-4200-BC4A-D7943A2F03B8}.Release|Any CPU.ActiveCfg = Release|Any CPU
		{97410F02-D8E3-4200-BC4A-D7943A2F03B8}.Release|Any CPU.Build.0 = Release|Any CPU
		{EB841C99-5D0D-479C-B019-5D3D49EAD651}.Debug|Any CPU.ActiveCfg = Debug|Any CPU
		{EB841C99-5D0D-479C-B019-5D3D49EAD651}.Debug|Any CPU.Build.0 = Debug|Any CPU
		{EB841C99-5D0D-479C-B019-5D3D49EAD651}.Release|Any CPU.ActiveCfg = Release|Any CPU
		{EB841C99-5D0D-479C-B019-5D3D49EAD651}.Release|Any CPU.Build.0 = Release|Any CPU
		{AF62A57F-FB22-45EC-A8A6-03A9DFB955B5}.Debug|Any CPU.ActiveCfg = Debug|Any CPU
		{AF62A57F-FB22-45EC-A8A6-03A9DFB955B5}.Debug|Any CPU.Build.0 = Debug|Any CPU
		{AF62A57F-FB22-45EC-A8A6-03A9DFB955B5}.Release|Any CPU.ActiveCfg = Release|Any CPU
		{AF62A57F-FB22-45EC-A8A6-03A9DFB955B5}.Release|Any CPU.Build.0 = Release|Any CPU
	EndGlobalSection
	GlobalSection(SolutionProperties) = preSolution
		HideSolutionNode = FALSE
	EndGlobalSection
	GlobalSection(ExtensibilityGlobals) = postSolution
		SolutionGuid = {FFBAA466-C4B9-4D25-847D-9FFEB35BBA1A}
	EndGlobalSection
EndGlobal
